
Microsoft Visual Studio Solution File, Format Version 12.00
# Visual Studio Version 16
VisualStudioVersion = 16.0.31729.503
MinimumVisualStudioVersion = 10.0.40219.1
Project("{FAE04EC0-301F-11D3-BF4B-00C04F79EFBC}") = "Week4-Assignment-Jeffri-0706022110016", "Week4-Assignment-Jeffri-0706022110016\Week4-Assignment-Jeffri-0706022110016.csproj", "{866B4782-57D6-4F64-8C6D-9565C33A3CE4}"
EndProject
Global
	GlobalSection(SolutionConfigurationPlatforms) = preSolution
		Debug|Any CPU = Debug|Any CPU
		Release|Any CPU = Release|Any CPU
	EndGlobalSection
	GlobalSection(ProjectConfigurationPlatforms) = postSolution
		{866B4782-57D6-4F64-8C6D-9565C33A3CE4}.Debug|Any CPU.ActiveCfg = Debug|Any CPU
		{866B4782-57D6-4F64-8C6D-9565C33A3CE4}.Debug|Any CPU.Build.0 = Debug|Any CPU
		{866B4782-57D6-4F64-8C6D-9565C33A3CE4}.Release|Any CPU.ActiveCfg = Release|Any CPU
		{866B4782-57D6-4F64-8C6D-9565C33A3CE4}.Release|Any CPU.Build.0 = Release|Any CPU
	EndGlobalSection
	GlobalSection(SolutionProperties) = preSolution
		HideSolutionNode = FALSE
	EndGlobalSection
	GlobalSection(ExtensibilityGlobals) = postSolution
		SolutionGuid = {9F3E2431-A1B3-49A7-9A27-380555D53590}
	EndGlobalSection
EndGlobal
